
Microsoft Visual Studio Solution File, Format Version 12.00
# Visual Studio Version 16
VisualStudioVersion = 16.0.31624.102
MinimumVisualStudioVersion = 10.0.40219.1
Project("{FAE04EC0-301F-11D3-BF4B-00C04F79EFBC}") = "EmployeeWebApp", "EmployeeWebApp.csproj", "{E5FE477A-970D-4021-835C-8DD52F0CC58B}"
EndProject
Global
	GlobalSection(SolutionConfigurationPlatforms) = preSolution
		Debug|Any CPU = Debug|Any CPU
		Release|Any CPU = Release|Any CPU
	EndGlobalSection
	GlobalSection(ProjectConfigurationPlatforms) = postSolution
		{E5FE477A-970D-4021-835C-8DD52F0CC58B}.Debug|Any CPU.ActiveCfg = Debug|Any CPU
		{E5FE477A-970D-4021-835C-8DD52F0CC58B}.Debug|Any CPU.Build.0 = Debug|Any CPU
		{E5FE477A-970D-4021-835C-8DD52F0CC58B}.Release|Any CPU.ActiveCfg = Release|Any CPU
		{E5FE477A-970D-4021-835C-8DD52F0CC58B}.Release|Any CPU.Build.0 = Release|Any CPU
	EndGlobalSection
	GlobalSection(SolutionProperties) = preSolution
		HideSolutionNode = FALSE
	EndGlobalSection
	GlobalSection(ExtensibilityGlobals) = postSolution
		SolutionGuid = {0EBBDAE7-0F9C-4AE2-9737-937D4BD9496D}
	EndGlobalSection
EndGlobal
